// !$*UTF8*$!
{
	archiveVersion = 1;
	classes = {
	};
	objectVersion = 46;
	objects = {

/* Begin PBXBuildFile section */
		112AD55F1D675F4400470C85 /* Time.c in Sources */ = {isa = PBXBuildFile; fileRef = 112AD55D1D675F4400470C85 /* Time.c */; };
		112AD5621D675F7400470C85 /* ch.c in Sources */ = {isa = PBXBuildFile; fileRef = 112AD5601D675F7400470C85 /* ch.c */; };
		112AD5651D675FB000470C85 /* ch_list.c in Sources */ = {isa = PBXBuildFile; fileRef = 112AD5631D675FB000470C85 /* ch_list.c */; };
		112AD5681D675FE500470C85 /* time_list.c in Sources */ = {isa = PBXBuildFile; fileRef = 112AD5661D675FE500470C85 /* time_list.c */; };
		115E81C31D68370D00C7B9A2 /* list3_version_3.c in Sources */ = {isa = PBXBuildFile; fileRef = 115E81C21D68370D00C7B9A2 /* list3_version_3.c */; };
/* End PBXBuildFile section */

/* Begin PBXCopyFilesBuildPhase section */
		112AD5511D675F0C00470C85 /* CopyFiles */ = {
			isa = PBXCopyFilesBuildPhase;
			buildActionMask = 2147483647;
			dstPath = /usr/share/man/man1/;
			dstSubfolderSpec = 0;
			files = (
			);
			runOnlyForDeploymentPostprocessing = 1;
		};
/* End PBXCopyFilesBuildPhase section */

/* Begin PBXFileReference section */
		112AD5531D675F0C00470C85 /* Exercice5 */ = {isa = PBXFileReference; explicitFileType = "compiled.mach-o.executable"; includeInIndex = 0; path = Exercice5; sourceTree = BUILT_PRODUCTS_DIR; };
		112AD55D1D675F4400470C85 /* Time.c */ = {isa = PBXFileReference; fileEncoding = 4; lastKnownFileType = sourcecode.c.c; path = Time.c; sourceTree = "<group>"; };
		112AD55E1D675F4400470C85 /* Time.h */ = {isa = PBXFileReference; fileEncoding = 4; lastKnownFileType = sourcecode.c.h; path = Time.h; sourceTree = "<group>"; };
		112AD5601D675F7400470C85 /* ch.c */ = {isa = PBXFileReference; fileEncoding = 4; lastKnownFileType = sourcecode.c.c; path = ch.c; sourceTree = "<group>"; };
		112AD5611D675F7400470C85 /* ch.h */ = {isa = PBXFileReference; fileEncoding = 4; lastKnownFileType = sourcecode.c.h; path = ch.h; sourceTree = "<group>"; };
		112AD5631D675FB000470C85 /* ch_list.c */ = {isa = PBXFileReference; fileEncoding = 4; lastKnownFileType = sourcecode.c.c; path = ch_list.c; sourceTree = "<group>"; };
		112AD5641D675FB000470C85 /* ch_list.h */ = {isa = PBXFileReference; fileEncoding = 4; lastKnownFileType = sourcecode.c.h; path = ch_list.h; sourceTree = "<group>"; };
		112AD5661D675FE500470C85 /* time_list.c */ = {isa = PBXFileReference; fileEncoding = 4; lastKnownFileType = sourcecode.c.c; path = time_list.c; sourceTree = "<group>"; };
		112AD5671D675FE500470C85 /* time_list.h */ = {isa = PBXFileReference; fileEncoding = 4; lastKnownFileType = sourcecode.c.h; path = time_list.h; sourceTree = "<group>"; };
		112AD5691D67615100470C85 /* list.h */ = {isa = PBXFileReference; lastKnownFileType = sourcecode.c.h; path = list.h; sourceTree = "<group>"; };
		115E81C21D68370D00C7B9A2 /* list3_version_3.c */ = {isa = PBXFileReference; fileEncoding = 4; lastKnownFileType = sourcecode.c.c; name = list3_version_3.c; path = ../list3_version_3.c; sourceTree = "<group>"; };
/* End PBXFileReference section */

/* Begin PBXFrameworksBuildPhase section */
		112AD5501D675F0C00470C85 /* Frameworks */ = {
			isa = PBXFrameworksBuildPhase;
			buildActionMask = 2147483647;
			files = (
			);
			runOnlyForDeploymentPostprocessing = 0;
		};
/* End PBXFrameworksBuildPhase section */

/* Begin PBXGroup section */
		112AD54A1D675F0C00470C85 = {
			isa = PBXGroup;
			children = (
				112AD5551D675F0C00470C85 /* Exercice5 */,
				112AD5541D675F0C00470C85 /* Products */,
			);
			sourceTree = "<group>";
		};
		112AD5541D675F0C00470C85 /* Products */ = {
			isa = PBXGroup;
			children = (
				112AD5531D675F0C00470C85 /* Exercice5 */,
			);
			name = Products;
			sourceTree = "<group>";
		};
		112AD5551D675F0C00470C85 /* Exercice5 */ = {
			isa = PBXGroup;
			children = (
				115E81C21D68370D00C7B9A2 /* list3_version_3.c */,
				112AD55D1D675F4400470C85 /* Time.c */,
				112AD55E1D675F4400470C85 /* Time.h */,
				112AD5601D675F7400470C85 /* ch.c */,
				112AD5611D675F7400470C85 /* ch.h */,
				112AD5631D675FB000470C85 /* ch_list.c */,
				112AD5641D675FB000470C85 /* ch_list.h */,
				112AD5661D675FE500470C85 /* time_list.c */,
				112AD5671D675FE500470C85 /* time_list.h */,
				112AD5691D67615100470C85 /* list.h */,
			);
			path = Exercice5;
			sourceTree = "<group>";
		};
/* End PBXGroup section */

/* Begin PBXNativeTarget section */
		112AD5521D675F0C00470C85 /* Exercice5 */ = {
			isa = PBXNativeTarget;
			buildConfigurationList = 112AD55A1D675F0C00470C85 /* Build configuration list for PBXNativeTarget "Exercice5" */;
			buildPhases = (
				112AD54F1D675F0C00470C85 /* Sources */,
				112AD5501D675F0C00470C85 /* Frameworks */,
				112AD5511D675F0C00470C85 /* CopyFiles */,
			);
			buildRules = (
			);
			dependencies = (
			);
			name = Exercice5;
			productName = Exercice5;
			productReference = 112AD5531D675F0C00470C85 /* Exercice5 */;
			productType = "com.apple.product-type.tool";
		};
/* End PBXNativeTarget section */

/* Begin PBXProject section */
		112AD54B1D675F0C00470C85 /* Project object */ = {
			isa = PBXProject;
			attributes = {
				LastUpgradeCheck = 0640;
				ORGANIZATIONNAME = Nahom;
				TargetAttributes = {
					112AD5521D675F0C00470C85 = {
						CreatedOnToolsVersion = 6.4;
					};
				};
			};
			buildConfigurationList = 112AD54E1D675F0C00470C85 /* Build configuration list for PBXProject "Exercice5" */;
			compatibilityVersion = "Xcode 3.2";
			developmentRegion = English;
			hasScannedForEncodings = 0;
			knownRegions = (
				en,
			);
			mainGroup = 112AD54A1D675F0C00470C85;
			productRefGroup = 112AD5541D675F0C00470C85 /* Products */;
			projectDirPath = "";
			projectRoot = "";
			targets = (
				112AD5521D675F0C00470C85 /* Exercice5 */,
			);
		};
/* End PBXProject section */

/* Begin PBXSourcesBuildPhase section */
		112AD54F1D675F0C00470C85 /* Sources */ = {
			isa = PBXSourcesBuildPhase;
			buildActionMask = 2147483647;
			files = (
				115E81C31D68370D00C7B9A2 /* list3_version_3.c in Sources */,
				112AD5651D675FB000470C85 /* ch_list.c in Sources */,
				112AD55F1D675F4400470C85 /* Time.c in Sources */,
				112AD5681D675FE500470C85 /* time_list.c in Sources */,
				112AD5621D675F7400470C85 /* ch.c in Sources */,
			);
			runOnlyForDeploymentPostprocessing = 0;
		};
/* End PBXSourcesBuildPhase section */

/* Begin XCBuildConfiguration section */
		112AD5581D675F0C00470C85 /* Debug */ = {
			isa = XCBuildConfiguration;
			buildSettings = {
				ALWAYS_SEARCH_USER_PATHS = NO;
				CLANG_CXX_LANGUAGE_STANDARD = "gnu++0x";
				CLANG_CXX_LIBRARY = "libc++";
				CLANG_ENABLE_MODULES = YES;
				CLANG_ENABLE_OBJC_ARC = YES;
				CLANG_WARN_BOOL_CONVERSION = YES;
				CLANG_WARN_CONSTANT_CONVERSION = YES;
				CLANG_WARN_DIRECT_OBJC_ISA_USAGE = YES_ERROR;
				CLANG_WARN_EMPTY_BODY = YES;
				CLANG_WARN_ENUM_CONVERSION = YES;
				CLANG_WARN_INT_CONVERSION = YES;
				CLANG_WARN_OBJC_ROOT_CLASS = YES_ERROR;
				CLANG_WARN_UNREACHABLE_CODE = YES;
				CLANG_WARN__DUPLICATE_METHOD_MATCH = YES;
				COPY_PHASE_STRIP = NO;
				DEBUG_INFORMATION_FORMAT = dwarf;
				ENABLE_STRICT_OBJC_MSGSEND = YES;
				GCC_C_LANGUAGE_STANDARD = gnu99;
				GCC_DYNAMIC_NO_PIC = NO;
				GCC_NO_COMMON_BLOCKS = YES;
				GCC_OPTIMIZATION_LEVEL = 0;
				GCC_PREPROCESSOR_DEFINITIONS = (
					"DEBUG=1",
					"$(inherited)",
				);
				GCC_SYMBOLS_PRIVATE_EXTERN = NO;
				GCC_WARN_64_TO_32_BIT_CONVERSION = YES;
				GCC_WARN_ABOUT_RETURN_TYPE = YES_ERROR;
				GCC_WARN_UNDECLARED_SELECTOR = YES;
				GCC_WARN_UNINITIALIZED_AUTOS = YES_AGGRESSIVE;
				GCC_WARN_UNUSED_FUNCTION = YES;
				GCC_WARN_UNUSED_VARIABLE = YES;
				MACOSX_DEPLOYMENT_TARGET = 10.10;
				MTL_ENABLE_DEBUG_INFO = YES;
				ONLY_ACTIVE_ARCH = YES;
				SDKROOT = macosx;
			};
			name = Debug;
		};
		112AD5591D675F0C00470C85 /* Release */ = {
			isa = XCBuildConfiguration;
			buildSettings = {
				ALWAYS_SEARCH_USER_PATHS = NO;
				CLANG_CXX_LANGUAGE_STANDARD = "gnu++0x";
				CLANG_CXX_LIBRARY = "libc++";
				CLANG_ENABLE_MODULES = YES;
				CLANG_ENABLE_OBJC_ARC = YES;
				CLANG_WARN_BOOL_CONVERSION = YES;
				CLANG_WARN_CONSTANT_CONVERSION = YES;
				CLANG_WARN_DIRECT_OBJC_ISA_USAGE = YES_ERROR;
				CLANG_WARN_EMPTY_BODY = YES;
				CLANG_WARN_ENUM_CONVERSION = YES;
				CLANG_WARN_INT_CONVERSION = YES;
				CLANG_WARN_OBJC_ROOT_CLASS = YES_ERROR;
				CLANG_WARN_UNREACHABLE_CODE = YES;
				CLANG_WARN__DUPLICATE_METHOD_MATCH = YES;
				COPY_PHASE_STRIP = NO;
				DEBUG_INFORMATION_FORMAT = "dwarf-with-dsym";
				ENABLE_NS_ASSERTIONS = NO;
				ENABLE_STRICT_OBJC_MSGSEND = YES;
				GCC_C_LANGUAGE_STANDARD = gnu99;
				GCC_NO_COMMON_BLOCKS = YES;
				GCC_WARN_64_TO_32_BIT_CONVERSION = YES;
				GCC_WARN_ABOUT_RETURN_TYPE = YES_ERROR;
				GCC_WARN_UNDECLARED_SELECTOR = YES;
				GCC_WARN_UNINITIALIZED_AUTOS = YES_AGGRESSIVE;
				GCC_WARN_UNUSED_FUNCTION = YES;
				GCC_WARN_UNUSED_VARIABLE = YES;
				MACOSX_DEPLOYMENT_TARGET = 10.10;
				MTL_ENABLE_DEBUG_INFO = NO;
				SDKROOT = macosx;
			};
			name = Release;
		};
		112AD55B1D675F0C00470C85 /* Debug */ = {
			isa = XCBuildConfiguration;
			buildSettings = {
				PRODUCT_NAME = "$(TARGET_NAME)";
			};
			name = Debug;
		};
		112AD55C1D675F0C00470C85 /* Release */ = {
			isa = XCBuildConfiguration;
			buildSettings = {
				PRODUCT_NAME = "$(TARGET_NAME)";
			};
			name = Release;
		};
/* End XCBuildConfiguration section */

/* Begin XCConfigurationList section */
		112AD54E1D675F0C00470C85 /* Build configuration list for PBXProject "Exercice5" */ = {
			isa = XCConfigurationList;
			buildConfigurations = (
				112AD5581D675F0C00470C85 /* Debug */,
				112AD5591D675F0C00470C85 /* Release */,
			);
			defaultConfigurationIsVisible = 0;
			defaultConfigurationName = Release;
		};
		112AD55A1D675F0C00470C85 /* Build configuration list for PBXNativeTarget "Exercice5" */ = {
			isa = XCConfigurationList;
			buildConfigurations = (
				112AD55B1D675F0C00470C85 /* Debug */,
				112AD55C1D675F0C00470C85 /* Release */,
			);
			defaultConfigurationIsVisible = 0;
			defaultConfigurationName = Release;
		};
/* End XCConfigurationList section */
	};
	rootObject = 112AD54B1D675F0C00470C85 /* Project object */;
}
